{
  "name": "solidity-mocha-tests-generator",
  "version": "0.0.0",
  "lockfileVersion": 1,
  "requires": true,
  "dependencies": {
    "@angular/animations": {
      "version": "8.2.0-rc.0",
      "resolved": "https://registry.npmjs.org/@angular/animations/-/animations-8.2.0-rc.0.tgz",
      "integrity": "sha512-Uq6xORBq117KeD9iVXYu2Vkz55+zm3NngAkxyzlhZkbYRz8ByQxFAtfMhWVVcHlqW5GnLhyqX/lN5Nav0jdcIw==",
      "requires": {
        "tslib": "^1.9.0"
      }
    },
    "@angular/cdk": {
      "version": "7.3.7",
      "resolved": "https://registry.npmjs.org/@angular/cdk/-/cdk-7.3.7.tgz",
      "integrity": "sha512-xbXxhHHKGkVuW6K7pzPmvpJXIwpl0ykBnvA2g+/7Sgy5Pd35wCC+UtHD9RYczDM/mkygNxMQtagyCErwFnDtQA==",
      "requires": {
        "parse5": "^5.0.0",
        "tslib": "^1.7.1"
      }
    },
    "@angular/common": {
      "version": "8.2.0-rc.0",
      "resolved": "https://registry.npmjs.org/@angular/common/-/common-8.2.0-rc.0.tgz",
      "integrity": "sha512-aOTXW2KRGhX/y5v6NUFFxxoTi1HlMwGv9XaxH1I9qj+YnlHO+oVqyHB4MS+gvb2eLqbyxKTKzUYWsMDblX8nVA==",
      "requires": {
        "tslib": "^1.9.0"
      }
    },
    "@angular/compiler": {
      "version": "8.2.0-rc.0",
      "resolved": "https://registry.npmjs.org/@angular/compiler/-/compiler-8.2.0-rc.0.tgz",
      "integrity": "sha512-fS2/5MTUtYy38kCwToltqBku6aq0hq90jn0p37TSRoYsNm7Ae2NU3nkM36A5G1wzetBn6R92updswbR62OVD1w==",
      "requires": {
        "tslib": "^1.9.0"
      }
    },
    "@angular/core": {
      "version": "8.2.0-rc.0",
      "resolved": "https://registry.npmjs.org/@angular/core/-/core-8.2.0-rc.0.tgz",
      "integrity": "sha512-G7vdTjNCxhpLlOaAcQ/xWt9kFLs1PkNkMzyRsiGUe/k5Mlr+xcmUDb1e5N3bLHJmIDFIUO1fXp/KHp1dysqB7g==",
      "requires": {
        "tslib": "^1.9.0"
      }
    },
    "@angular/forms": {
      "version": "8.2.0-rc.0",
      "resolved": "https://registry.npmjs.org/@angular/forms/-/forms-8.2.0-rc.0.tgz",
      "integrity": "sha512-HjUjdqAu8XfI29+CXC8qDGYsGkFFonLMRwuDhWn2KpF7MXvFhERlxsFUNYNIYd29+HcoJcg/PRHTzqqJ2TPJLg==",
      "requires": {
        "tslib": "^1.9.0"
      }
    },
    "@angular/material": {
      "version": "7.3.7",
      "resolved": "https://registry.npmjs.org/@angular/material/-/material-7.3.7.tgz",
      "integrity": "sha512-Eq+7frkeNGkLOfEtmkmJgR+AgoWajOipXZWWfCSamNfpCcPof82DwvGOpAmgGni9FuN2XFQdqP5MoaffQzIvUA==",
      "requires": {
        "tslib": "^1.7.1"
      }
    },
    "@angular/platform-browser": {
      "version": "8.2.0-rc.0",
      "resolved": "https://registry.npmjs.org/@angular/platform-browser/-/platform-browser-8.2.0-rc.0.tgz",
      "integrity": "sha512-Vk9Zdv6kHm3hwPvhc6FG0AnMxWOkNXfdAoXTLDY4vbo367ym1xxcDUmUf+mou/HODpnGdoHKSTLj5SEua2SSMw==",
      "requires": {
        "tslib": "^1.9.0"
      }
    },
    "@angular/platform-browser-dynamic": {
      "version": "8.2.0-rc.0",
      "resolved": "https://registry.npmjs.org/@angular/platform-browser-dynamic/-/platform-browser-dynamic-8.2.0-rc.0.tgz",
      "integrity": "sha512-4LOE9pbcEM+dsXPBqIcHDglsizUYU4n23N+J6jsud3GM7VYx7KKd70e1KF+TTNEnNqE1gv7aCz5vZ3J3cYlWTQ==",
      "requires": {
        "tslib": "^1.9.0"
      }
    },
    "@angular/router": {
      "version": "8.2.0-rc.0",
      "resolved": "https://registry.npmjs.org/@angular/router/-/router-8.2.0-rc.0.tgz",
      "integrity": "sha512-hpidAfvDpIaWBccogRNck1cFO/STgN/KinF/VkMWeYMlt9IFwefEOWwY/d1V71L3wjTwV+NMhuUTguE8OptT3w==",
      "requires": {
        "tslib": "^1.9.0"
      }
    },
    "core-js": {
      "version": "2.6.9",
      "resolved": "https://registry.npmjs.org/core-js/-/core-js-2.6.9.tgz",
      "integrity": "sha512-HOpZf6eXmnl7la+cUdMnLvUxKNqLUzJvgIziQ0DiF3JwSImNphIqdGqzj6hIKyX04MmV0poclQ7+wjWvxQyR2A=="
    },
    "parse5": {
      "version": "5.1.0",
      "resolved": "https://registry.npmjs.org/parse5/-/parse5-5.1.0.tgz",
      "integrity": "sha512-fxNG2sQjHvlVAYmzBZS9YlDp6PTSSDwa98vkD4QgVDDCAo84z5X1t5XyJQ62ImdLXx5NdIIfihey6xpum9/gRQ==",
      "optional": true
    },
    "rxjs": {
      "version": "6.3.3",
      "resolved": "https://registry.npmjs.org/rxjs/-/rxjs-6.3.3.tgz",
      "integrity": "sha512-JTWmoY9tWCs7zvIk/CvRjhjGaOd+OVBM987mxFo+OW66cGpdKjZcpmc74ES1sB//7Kl/PAe8+wEakuhG4pcgOw==",
      "requires": {
        "tslib": "^1.9.0"
      }
    },
    "tslib": {
      "version": "1.10.0",
      "resolved": "https://registry.npmjs.org/tslib/-/tslib-1.10.0.tgz",
      "integrity": "sha512-qOebF53frne81cf0S9B41ByenJ3/IuH8yJKngAX35CmiZySA0khhkovshKK+jGCaMnVomla7gVlIcc3EvKPbTQ=="
    },
    "zone.js": {
      "version": "0.8.29",
      "resolved": "https://registry.npmjs.org/zone.js/-/zone.js-0.8.29.tgz",
      "integrity": "sha512-mla2acNCMkWXBD+c+yeUrBUrzOxYMNFdQ6FGfigGGtEVBPJx07BQeJekjt9DmH1FtZek4E9rE1eRR9qQpxACOQ=="
    }
  }
}
